
Microsoft Visual Studio Solution File, Format Version 12.00
# Visual Studio Version 17
VisualStudioVersion = 17.3.32825.248
MinimumVisualStudioVersion = 10.0.40219.1
Project("{9A19103F-16F7-4668-BE54-9A1E7A4F7556}") = "MVCTemplate.Web", "MVCTemplate.Web\MVCTemplate.Web.csproj", "{F42BBE17-1942-4FE5-88B0-360A2CEDEA0A}"
EndProject
Project("{9A19103F-16F7-4668-BE54-9A1E7A4F7556}") = "MVCTemplate.Web.Test", "MVCTemplate.Web.Test\MVCTemplate.Web.Test.csproj", "{DFF1F110-FD92-4540-B946-F29960099359}"
EndProject
Project("{FAE04EC0-301F-11D3-BF4B-00C04F79EFBC}") = "MVCTemplate.Api", "MVCTemplate.Api\MVCTemplate.Api.csproj", "{A7196289-ACB2-468E-9265-6C767BF2C102}"
EndProject
Global
	GlobalSection(SolutionConfigurationPlatforms) = preSolution
		Debug|Any CPU = Debug|Any CPU
		Release|Any CPU = Release|Any CPU
	EndGlobalSection
	GlobalSection(ProjectConfigurationPlatforms) = postSolution
		{F42BBE17-1942-4FE5-88B0-360A2CEDEA0A}.Debug|Any CPU.ActiveCfg = Debug|Any CPU
		{F42BBE17-1942-4FE5-88B0-360A2CEDEA0A}.Debug|Any CPU.Build.0 = Debug|Any CPU
		{F42BBE17-1942-4FE5-88B0-360A2CEDEA0A}.Release|Any CPU.ActiveCfg = Release|Any CPU
		{F42BBE17-1942-4FE5-88B0-360A2CEDEA0A}.Release|Any CPU.Build.0 = Release|Any CPU
		{DFF1F110-FD92-4540-B946-F29960099359}.Debug|Any CPU.ActiveCfg = Debug|Any CPU
		{DFF1F110-FD92-4540-B946-F29960099359}.Debug|Any CPU.Build.0 = Debug|Any CPU
		{DFF1F110-FD92-4540-B946-F29960099359}.Release|Any CPU.ActiveCfg = Release|Any CPU
		{DFF1F110-FD92-4540-B946-F29960099359}.Release|Any CPU.Build.0 = Release|Any CPU
		{A7196289-ACB2-468E-9265-6C767BF2C102}.Debug|Any CPU.ActiveCfg = Debug|Any CPU
		{A7196289-ACB2-468E-9265-6C767BF2C102}.Debug|Any CPU.Build.0 = Debug|Any CPU
		{A7196289-ACB2-468E-9265-6C767BF2C102}.Release|Any CPU.ActiveCfg = Release|Any CPU
		{A7196289-ACB2-468E-9265-6C767BF2C102}.Release|Any CPU.Build.0 = Release|Any CPU
	EndGlobalSection
	GlobalSection(SolutionProperties) = preSolution
		HideSolutionNode = FALSE
	EndGlobalSection
	GlobalSection(ExtensibilityGlobals) = postSolution
		SolutionGuid = {C92EAAB2-9CDE-4DC6-9871-381A17A4A4B6}
	EndGlobalSection
EndGlobal
